// !$*UTF8*$!
{
	archiveVersion = 1;
	classes = {
	};
	objectVersion = 46;
	objects = {

/* Begin PBXBuildFile section */
		542AEA7C1B619A8A000ED83D /* DBRLayers.swift in Sources */ = {isa = PBXBuildFile; fileRef = 542AEA7B1B619A8A000ED83D /* DBRLayers.swift */; };
		5438A9831B5EBBE60027E39C /* AppDelegate.swift in Sources */ = {isa = PBXBuildFile; fileRef = 5438A9821B5EBBE60027E39C /* AppDelegate.swift */; };
		5438A9861B5EBBE60027E39C /* debtReminder.xcdatamodeld in Sources */ = {isa = PBXBuildFile; fileRef = 5438A9841B5EBBE60027E39C /* debtReminder.xcdatamodeld */; };
		5438A98B1B5EBBE60027E39C /* Main.storyboard in Resources */ = {isa = PBXBuildFile; fileRef = 5438A9891B5EBBE60027E39C /* Main.storyboard */; };
		5438A98D1B5EBBE60027E39C /* Images.xcassets in Resources */ = {isa = PBXBuildFile; fileRef = 5438A98C1B5EBBE60027E39C /* Images.xcassets */; };
		5438A9901B5EBBE60027E39C /* LaunchScreen.xib in Resources */ = {isa = PBXBuildFile; fileRef = 5438A98E1B5EBBE60027E39C /* LaunchScreen.xib */; };
		5438A99C1B5EBBE60027E39C /* debtReminderTests.swift in Sources */ = {isa = PBXBuildFile; fileRef = 5438A99B1B5EBBE60027E39C /* debtReminderTests.swift */; };
		5438A9AC1B5ECB6F0027E39C /* Money.swift in Sources */ = {isa = PBXBuildFile; fileRef = 5438A9A91B5ECB6F0027E39C /* Money.swift */; };
		5438A9AD1B5ECB6F0027E39C /* Item.swift in Sources */ = {isa = PBXBuildFile; fileRef = 5438A9AA1B5ECB6F0027E39C /* Item.swift */; };
		5438A9AF1B5ECE6B0027E39C /* MyDebtsViewController.swift in Sources */ = {isa = PBXBuildFile; fileRef = 5438A9AE1B5ECE6B0027E39C /* MyDebtsViewController.swift */; };
		5438A9B11B5FCBC40027E39C /* NewDebtCreationViewController.swift in Sources */ = {isa = PBXBuildFile; fileRef = 5438A9B01B5FCBC40027E39C /* NewDebtCreationViewController.swift */; };
		5438A9B31B6017DB0027E39C /* AllDebtsTableViewCell.swift in Sources */ = {isa = PBXBuildFile; fileRef = 5438A9B21B6017DB0027E39C /* AllDebtsTableViewCell.swift */; };
		54CEBCC81B6133D400BB43CA /* DBRColors.swift in Sources */ = {isa = PBXBuildFile; fileRef = 54CEBCC71B6133D400BB43CA /* DBRColors.swift */; };
		54D5C3E21B60602B009A8CF9 /* LendBorrow.swift in Sources */ = {isa = PBXBuildFile; fileRef = 54D5C3E11B60602B009A8CF9 /* LendBorrow.swift */; };
/* End PBXBuildFile section */

/* Begin PBXContainerItemProxy section */
		5438A9961B5EBBE60027E39C /* PBXContainerItemProxy */ = {
			isa = PBXContainerItemProxy;
			containerPortal = 5438A9751B5EBBE50027E39C /* Project object */;
			proxyType = 1;
			remoteGlobalIDString = 5438A97C1B5EBBE50027E39C;
			remoteInfo = debtReminder;
		};
/* End PBXContainerItemProxy section */

/* Begin PBXFileReference section */
		542AEA7B1B619A8A000ED83D /* DBRLayers.swift */ = {isa = PBXFileReference; fileEncoding = 4; lastKnownFileType = sourcecode.swift; path = DBRLayers.swift; sourceTree = "<group>"; };
		5438A97D1B5EBBE50027E39C /* debtReminder.app */ = {isa = PBXFileReference; explicitFileType = wrapper.application; includeInIndex = 0; path = debtReminder.app; sourceTree = BUILT_PRODUCTS_DIR; };
		5438A9811B5EBBE50027E39C /* Info.plist */ = {isa = PBXFileReference; lastKnownFileType = text.plist.xml; path = Info.plist; sourceTree = "<group>"; };
		5438A9821B5EBBE60027E39C /* AppDelegate.swift */ = {isa = PBXFileReference; lastKnownFileType = sourcecode.swift; path = AppDelegate.swift; sourceTree = "<group>"; };
		5438A9851B5EBBE60027E39C /* debtReminder.xcdatamodel */ = {isa = PBXFileReference; lastKnownFileType = wrapper.xcdatamodel; path = debtReminder.xcdatamodel; sourceTree = "<group>"; };
		5438A98A1B5EBBE60027E39C /* Base */ = {isa = PBXFileReference; lastKnownFileType = file.storyboard; name = Base; path = Base.lproj/Main.storyboard; sourceTree = "<group>"; };
		5438A98C1B5EBBE60027E39C /* Images.xcassets */ = {isa = PBXFileReference; lastKnownFileType = folder.assetcatalog; path = Images.xcassets; sourceTree = "<group>"; };
		5438A98F1B5EBBE60027E39C /* Base */ = {isa = PBXFileReference; lastKnownFileType = file.xib; name = Base; path = Base.lproj/LaunchScreen.xib; sourceTree = "<group>"; };
		5438A9951B5EBBE60027E39C /* debtReminderTests.xctest */ = {isa = PBXFileReference; explicitFileType = wrapper.cfbundle; includeInIndex = 0; path = debtReminderTests.xctest; sourceTree = BUILT_PRODUCTS_DIR; };
		5438A99A1B5EBBE60027E39C /* Info.plist */ = {isa = PBXFileReference; lastKnownFileType = text.plist.xml; path = Info.plist; sourceTree = "<group>"; };
		5438A99B1B5EBBE60027E39C /* debtReminderTests.swift */ = {isa = PBXFileReference; lastKnownFileType = sourcecode.swift; path = debtReminderTests.swift; sourceTree = "<group>"; };
		5438A9A91B5ECB6F0027E39C /* Money.swift */ = {isa = PBXFileReference; fileEncoding = 4; lastKnownFileType = sourcecode.swift; path = Money.swift; sourceTree = "<group>"; };
		5438A9AA1B5ECB6F0027E39C /* Item.swift */ = {isa = PBXFileReference; fileEncoding = 4; lastKnownFileType = sourcecode.swift; path = Item.swift; sourceTree = "<group>"; };
		5438A9AE1B5ECE6B0027E39C /* MyDebtsViewController.swift */ = {isa = PBXFileReference; fileEncoding = 4; lastKnownFileType = sourcecode.swift; path = MyDebtsViewController.swift; sourceTree = "<group>"; };
		5438A9B01B5FCBC40027E39C /* NewDebtCreationViewController.swift */ = {isa = PBXFileReference; fileEncoding = 4; lastKnownFileType = sourcecode.swift; path = NewDebtCreationViewController.swift; sourceTree = "<group>"; };
		5438A9B21B6017DB0027E39C /* AllDebtsTableViewCell.swift */ = {isa = PBXFileReference; fileEncoding = 4; lastKnownFileType = sourcecode.swift; path = AllDebtsTableViewCell.swift; sourceTree = "<group>"; };
		54CEBCC71B6133D400BB43CA /* DBRColors.swift */ = {isa = PBXFileReference; fileEncoding = 4; lastKnownFileType = sourcecode.swift; path = DBRColors.swift; sourceTree = "<group>"; };
		54D5C3E11B60602B009A8CF9 /* LendBorrow.swift */ = {isa = PBXFileReference; fileEncoding = 4; lastKnownFileType = sourcecode.swift; name = LendBorrow.swift; path = ../LendBorrow.swift; sourceTree = "<group>"; };
/* End PBXFileReference section */

/* Begin PBXFrameworksBuildPhase section */
		5438A97A1B5EBBE50027E39C /* Frameworks */ = {
			isa = PBXFrameworksBuildPhase;
			buildActionMask = 2147483647;
			files = (
			);
			runOnlyForDeploymentPostprocessing = 0;
		};
		5438A9921B5EBBE60027E39C /* Frameworks */ = {
			isa = PBXFrameworksBuildPhase;
			buildActionMask = 2147483647;
			files = (
			);
			runOnlyForDeploymentPostprocessing = 0;
		};
/* End PBXFrameworksBuildPhase section */

/* Begin PBXGroup section */
		5438A9741B5EBBE50027E39C = {
			isa = PBXGroup;
			children = (
				5438A97F1B5EBBE50027E39C /* debtReminder */,
				5438A9981B5EBBE60027E39C /* debtReminderTests */,
				5438A97E1B5EBBE50027E39C /* Products */,
			);
			sourceTree = "<group>";
		};
		5438A97E1B5EBBE50027E39C /* Products */ = {
			isa = PBXGroup;
			children = (
				5438A97D1B5EBBE50027E39C /* debtReminder.app */,
				5438A9951B5EBBE60027E39C /* debtReminderTests.xctest */,
			);
			name = Products;
			sourceTree = "<group>";
		};
		5438A97F1B5EBBE50027E39C /* debtReminder */ = {
			isa = PBXGroup;
			children = (
				5438A9A71B5EBD2D0027E39C /* View */,
				5438A9A61B5EBD230027E39C /* Controller */,
				5438A9A51B5EBD1C0027E39C /* Model */,
				5438A9821B5EBBE60027E39C /* AppDelegate.swift */,
				5438A98C1B5EBBE60027E39C /* Images.xcassets */,
				5438A9841B5EBBE60027E39C /* debtReminder.xcdatamodeld */,
				5438A9801B5EBBE50027E39C /* Supporting Files */,
			);
			path = debtReminder;
			sourceTree = "<group>";
		};
		5438A9801B5EBBE50027E39C /* Supporting Files */ = {
			isa = PBXGroup;
			children = (
				5438A9811B5EBBE50027E39C /* Info.plist */,
			);
			name = "Supporting Files";
			sourceTree = "<group>";
		};
		5438A9981B5EBBE60027E39C /* debtReminderTests */ = {
			isa = PBXGroup;
			children = (
				5438A99B1B5EBBE60027E39C /* debtReminderTests.swift */,
				5438A9991B5EBBE60027E39C /* Supporting Files */,
			);
			path = debtReminderTests;
			sourceTree = "<group>";
		};
		5438A9991B5EBBE60027E39C /* Supporting Files */ = {
			isa = PBXGroup;
			children = (
				5438A99A1B5EBBE60027E39C /* Info.plist */,
			);
			name = "Supporting Files";
			sourceTree = "<group>";
		};
		5438A9A51B5EBD1C0027E39C /* Model */ = {
			isa = PBXGroup;
			children = (
				542AEA7B1B619A8A000ED83D /* DBRLayers.swift */,
				54CEBCC71B6133D400BB43CA /* DBRColors.swift */,
				54D5C3E11B60602B009A8CF9 /* LendBorrow.swift */,
				5438A9A91B5ECB6F0027E39C /* Money.swift */,
				5438A9AA1B5ECB6F0027E39C /* Item.swift */,
			);
			name = Model;
			sourceTree = "<group>";
		};
		5438A9A61B5EBD230027E39C /* Controller */ = {
			isa = PBXGroup;
			children = (
				5438A9B01B5FCBC40027E39C /* NewDebtCreationViewController.swift */,
				5438A9AE1B5ECE6B0027E39C /* MyDebtsViewController.swift */,
				5438A9B21B6017DB0027E39C /* AllDebtsTableViewCell.swift */,
			);
			name = Controller;
			sourceTree = "<group>";
		};
		5438A9A71B5EBD2D0027E39C /* View */ = {
			isa = PBXGroup;
			children = (
				5438A9891B5EBBE60027E39C /* Main.storyboard */,
				5438A98E1B5EBBE60027E39C /* LaunchScreen.xib */,
			);
			name = View;
			sourceTree = "<group>";
		};
/* End PBXGroup section */

/* Begin PBXNativeTarget section */
		5438A97C1B5EBBE50027E39C /* debtReminder */ = {
			isa = PBXNativeTarget;
			buildConfigurationList = 5438A99F1B5EBBE60027E39C /* Build configuration list for PBXNativeTarget "debtReminder" */;
			buildPhases = (
				5438A9791B5EBBE50027E39C /* Sources */,
				5438A97A1B5EBBE50027E39C /* Frameworks */,
				5438A97B1B5EBBE50027E39C /* Resources */,
			);
			buildRules = (
			);
			dependencies = (
			);
			name = debtReminder;
			productName = debtReminder;
			productReference = 5438A97D1B5EBBE50027E39C /* debtReminder.app */;
			productType = "com.apple.product-type.application";
		};
		5438A9941B5EBBE60027E39C /* debtReminderTests */ = {
			isa = PBXNativeTarget;
			buildConfigurationList = 5438A9A21B5EBBE60027E39C /* Build configuration list for PBXNativeTarget "debtReminderTests" */;
			buildPhases = (
				5438A9911B5EBBE60027E39C /* Sources */,
				5438A9921B5EBBE60027E39C /* Frameworks */,
				5438A9931B5EBBE60027E39C /* Resources */,
			);
			buildRules = (
			);
			dependencies = (
				5438A9971B5EBBE60027E39C /* PBXTargetDependency */,
			);
			name = debtReminderTests;
			productName = debtReminderTests;
			productReference = 5438A9951B5EBBE60027E39C /* debtReminderTests.xctest */;
			productType = "com.apple.product-type.bundle.unit-test";
		};
/* End PBXNativeTarget section */

/* Begin PBXProject section */
		5438A9751B5EBBE50027E39C /* Project object */ = {
			isa = PBXProject;
			attributes = {
				LastUpgradeCheck = 0640;
				ORGANIZATIONNAME = RafaelValer;
				TargetAttributes = {
					5438A97C1B5EBBE50027E39C = {
						CreatedOnToolsVersion = 6.4;
					};
					5438A9941B5EBBE60027E39C = {
						CreatedOnToolsVersion = 6.4;
						TestTargetID = 5438A97C1B5EBBE50027E39C;
					};
				};
			};
			buildConfigurationList = 5438A9781B5EBBE50027E39C /* Build configuration list for PBXProject "debtReminder" */;
			compatibilityVersion = "Xcode 3.2";
			developmentRegion = English;
			hasScannedForEncodings = 0;
			knownRegions = (
				en,
				Base,
			);
			mainGroup = 5438A9741B5EBBE50027E39C;
			productRefGroup = 5438A97E1B5EBBE50027E39C /* Products */;
			projectDirPath = "";
			projectRoot = "";
			targets = (
				5438A97C1B5EBBE50027E39C /* debtReminder */,
				5438A9941B5EBBE60027E39C /* debtReminderTests */,
			);
		};
/* End PBXProject section */

/* Begin PBXResourcesBuildPhase section */
		5438A97B1B5EBBE50027E39C /* Resources */ = {
			isa = PBXResourcesBuildPhase;
			buildActionMask = 2147483647;
			files = (
				5438A98B1B5EBBE60027E39C /* Main.storyboard in Resources */,
				5438A9901B5EBBE60027E39C /* LaunchScreen.xib in Resources */,
				5438A98D1B5EBBE60027E39C /* Images.xcassets in Resources */,
			);
			runOnlyForDeploymentPostprocessing = 0;
		};
		5438A9931B5EBBE60027E39C /* Resources */ = {
			isa = PBXResourcesBuildPhase;
			buildActionMask = 2147483647;
			files = (
			);
			runOnlyForDeploymentPostprocessing = 0;
		};
/* End PBXResourcesBuildPhase section */

/* Begin PBXSourcesBuildPhase section */
		5438A9791B5EBBE50027E39C /* Sources */ = {
			isa = PBXSourcesBuildPhase;
			buildActionMask = 2147483647;
			files = (
				5438A9AD1B5ECB6F0027E39C /* Item.swift in Sources */,
				54D5C3E21B60602B009A8CF9 /* LendBorrow.swift in Sources */,
				5438A9AF1B5ECE6B0027E39C /* MyDebtsViewController.swift in Sources */,
				5438A9861B5EBBE60027E39C /* debtReminder.xcdatamodeld in Sources */,
				5438A9B31B6017DB0027E39C /* AllDebtsTableViewCell.swift in Sources */,
				5438A9AC1B5ECB6F0027E39C /* Money.swift in Sources */,
				542AEA7C1B619A8A000ED83D /* DBRLayers.swift in Sources */,
				5438A9B11B5FCBC40027E39C /* NewDebtCreationViewController.swift in Sources */,
				54CEBCC81B6133D400BB43CA /* DBRColors.swift in Sources */,
				5438A9831B5EBBE60027E39C /* AppDelegate.swift in Sources */,
			);
			runOnlyForDeploymentPostprocessing = 0;
		};
		5438A9911B5EBBE60027E39C /* Sources */ = {
			isa = PBXSourcesBuildPhase;
			buildActionMask = 2147483647;
			files = (
				5438A99C1B5EBBE60027E39C /* debtReminderTests.swift in Sources */,
			);
			runOnlyForDeploymentPostprocessing = 0;
		};
/* End PBXSourcesBuildPhase section */

/* Begin PBXTargetDependency section */
		5438A9971B5EBBE60027E39C /* PBXTargetDependency */ = {
			isa = PBXTargetDependency;
			target = 5438A97C1B5EBBE50027E39C /* debtReminder */;
			targetProxy = 5438A9961B5EBBE60027E39C /* PBXContainerItemProxy */;
		};
/* End PBXTargetDependency section */

/* Begin PBXVariantGroup section */
		5438A9891B5EBBE60027E39C /* Main.storyboard */ = {
			isa = PBXVariantGroup;
			children = (
				5438A98A1B5EBBE60027E39C /* Base */,
			);
			name = Main.storyboard;
			sourceTree = "<group>";
		};
		5438A98E1B5EBBE60027E39C /* LaunchScreen.xib */ = {
			isa = PBXVariantGroup;
			children = (
				5438A98F1B5EBBE60027E39C /* Base */,
			);
			name = LaunchScreen.xib;
			sourceTree = "<group>";
		};
/* End PBXVariantGroup section */

/* Begin XCBuildConfiguration section */
		5438A99D1B5EBBE60027E39C /* Debug */ = {
			isa = XCBuildConfiguration;
			buildSettings = {
				ALWAYS_SEARCH_USER_PATHS = NO;
				CLANG_CXX_LANGUAGE_STANDARD = "gnu++0x";
				CLANG_CXX_LIBRARY = "libc++";
				CLANG_ENABLE_MODULES = YES;
				CLANG_ENABLE_OBJC_ARC = YES;
				CLANG_WARN_BOOL_CONVERSION = YES;
				CLANG_WARN_CONSTANT_CONVERSION = YES;
				CLANG_WARN_DIRECT_OBJC_ISA_USAGE = YES_ERROR;
				CLANG_WARN_EMPTY_BODY = YES;
				CLANG_WARN_ENUM_CONVERSION = YES;
				CLANG_WARN_INT_CONVERSION = YES;
				CLANG_WARN_OBJC_ROOT_CLASS = YES_ERROR;
				CLANG_WARN_UNREACHABLE_CODE = YES;
				CLANG_WARN__DUPLICATE_METHOD_MATCH = YES;
				"CODE_SIGN_IDENTITY[sdk=iphoneos*]" = "iPhone Developer";
				COPY_PHASE_STRIP = NO;
				DEBUG_INFORMATION_FORMAT = "dwarf-with-dsym";
				ENABLE_STRICT_OBJC_MSGSEND = YES;
				GCC_C_LANGUAGE_STANDARD = gnu99;
				GCC_DYNAMIC_NO_PIC = NO;
				GCC_NO_COMMON_BLOCKS = YES;
				GCC_OPTIMIZATION_LEVEL = 0;
				GCC_PREPROCESSOR_DEFINITIONS = (
					"DEBUG=1",
					"$(inherited)",
				);
				GCC_SYMBOLS_PRIVATE_EXTERN = NO;
				GCC_WARN_64_TO_32_BIT_CONVERSION = YES;
				GCC_WARN_ABOUT_RETURN_TYPE = YES_ERROR;
				GCC_WARN_UNDECLARED_SELECTOR = YES;
				GCC_WARN_UNINITIALIZED_AUTOS = YES_AGGRESSIVE;
				GCC_WARN_UNUSED_FUNCTION = YES;
				GCC_WARN_UNUSED_VARIABLE = YES;
				IPHONEOS_DEPLOYMENT_TARGET = 8.4;
				MTL_ENABLE_DEBUG_INFO = YES;
				ONLY_ACTIVE_ARCH = YES;
				SDKROOT = iphoneos;
				SWIFT_OPTIMIZATION_LEVEL = "-Onone";
				TARGETED_DEVICE_FAMILY = "1,2";
			};
			name = Debug;
		};
		5438A99E1B5EBBE60027E39C /* Release */ = {
			isa = XCBuildConfiguration;
			buildSettings = {
				ALWAYS_SEARCH_USER_PATHS = NO;
				CLANG_CXX_LANGUAGE_STANDARD = "gnu++0x";
				CLANG_CXX_LIBRARY = "libc++";
				CLANG_ENABLE_MODULES = YES;
				CLANG_ENABLE_OBJC_ARC = YES;
				CLANG_WARN_BOOL_CONVERSION = YES;
				CLANG_WARN_CONSTANT_CONVERSION = YES;
				CLANG_WARN_DIRECT_OBJC_ISA_USAGE = YES_ERROR;
				CLANG_WARN_EMPTY_BODY = YES;
				CLANG_WARN_ENUM_CONVERSION = YES;
				CLANG_WARN_INT_CONVERSION = YES;
				CLANG_WARN_OBJC_ROOT_CLASS = YES_ERROR;
				CLANG_WARN_UNREACHABLE_CODE = YES;
				CLANG_WARN__DUPLICATE_METHOD_MATCH = YES;
				"CODE_SIGN_IDENTITY[sdk=iphoneos*]" = "iPhone Developer";
				COPY_PHASE_STRIP = NO;
				DEBUG_INFORMATION_FORMAT = "dwarf-with-dsym";
				ENABLE_NS_ASSERTIONS = NO;
				ENABLE_STRICT_OBJC_MSGSEND = YES;
				GCC_C_LANGUAGE_STANDARD = gnu99;
				GCC_NO_COMMON_BLOCKS = YES;
				GCC_WARN_64_TO_32_BIT_CONVERSION = YES;
				GCC_WARN_ABOUT_RETURN_TYPE = YES_ERROR;
				GCC_WARN_UNDECLARED_SELECTOR = YES;
				GCC_WARN_UNINITIALIZED_AUTOS = YES_AGGRESSIVE;
				GCC_WARN_UNUSED_FUNCTION = YES;
				GCC_WARN_UNUSED_VARIABLE = YES;
				IPHONEOS_DEPLOYMENT_TARGET = 8.4;
				MTL_ENABLE_DEBUG_INFO = NO;
				SDKROOT = iphoneos;
				TARGETED_DEVICE_FAMILY = "1,2";
				VALIDATE_PRODUCT = YES;
			};
			name = Release;
		};
		5438A9A01B5EBBE60027E39C /* Debug */ = {
			isa = XCBuildConfiguration;
			buildSettings = {
				ASSETCATALOG_COMPILER_APPICON_NAME = AppIcon;
				INFOPLIST_FILE = debtReminder/Info.plist;
				LD_RUNPATH_SEARCH_PATHS = "$(inherited) @executable_path/Frameworks";
				PRODUCT_NAME = "$(TARGET_NAME)";
			};
			name = Debug;
		};
		5438A9A11B5EBBE60027E39C /* Release */ = {
			isa = XCBuildConfiguration;
			buildSettings = {
				ASSETCATALOG_COMPILER_APPICON_NAME = AppIcon;
				INFOPLIST_FILE = debtReminder/Info.plist;
				LD_RUNPATH_SEARCH_PATHS = "$(inherited) @executable_path/Frameworks";
				PRODUCT_NAME = "$(TARGET_NAME)";
			};
			name = Release;
		};
		5438A9A31B5EBBE60027E39C /* Debug */ = {
			isa = XCBuildConfiguration;
			buildSettings = {
				BUNDLE_LOADER = "$(TEST_HOST)";
				FRAMEWORK_SEARCH_PATHS = (
					"$(SDKROOT)/Developer/Library/Frameworks",
					"$(inherited)",
				);
				GCC_PREPROCESSOR_DEFINITIONS = (
					"DEBUG=1",
					"$(inherited)",
				);
				INFOPLIST_FILE = debtReminderTests/Info.plist;
				LD_RUNPATH_SEARCH_PATHS = "$(inherited) @executable_path/Frameworks @loader_path/Frameworks";
				PRODUCT_NAME = "$(TARGET_NAME)";
				TEST_HOST = "$(BUILT_PRODUCTS_DIR)/debtReminder.app/debtReminder";
			};
			name = Debug;
		};
		5438A9A41B5EBBE60027E39C /* Release */ = {
			isa = XCBuildConfiguration;
			buildSettings = {
				BUNDLE_LOADER = "$(TEST_HOST)";
				FRAMEWORK_SEARCH_PATHS = (
					"$(SDKROOT)/Developer/Library/Frameworks",
					"$(inherited)",
				);
				INFOPLIST_FILE = debtReminderTests/Info.plist;
				LD_RUNPATH_SEARCH_PATHS = "$(inherited) @executable_path/Frameworks @loader_path/Frameworks";
				PRODUCT_NAME = "$(TARGET_NAME)";
				TEST_HOST = "$(BUILT_PRODUCTS_DIR)/debtReminder.app/debtReminder";
			};
			name = Release;
		};
/* End XCBuildConfiguration section */

/* Begin XCConfigurationList section */
		5438A9781B5EBBE50027E39C /* Build configuration list for PBXProject "debtReminder" */ = {
			isa = XCConfigurationList;
			buildConfigurations = (
				5438A99D1B5EBBE60027E39C /* Debug */,
				5438A99E1B5EBBE60027E39C /* Release */,
			);
			defaultConfigurationIsVisible = 0;
			defaultConfigurationName = Release;
		};
		5438A99F1B5EBBE60027E39C /* Build configuration list for PBXNativeTarget "debtReminder" */ = {
			isa = XCConfigurationList;
			buildConfigurations = (
				5438A9A01B5EBBE60027E39C /* Debug */,
				5438A9A11B5EBBE60027E39C /* Release */,
			);
			defaultConfigurationIsVisible = 0;
			defaultConfigurationName = Release;
		};
		5438A9A21B5EBBE60027E39C /* Build configuration list for PBXNativeTarget "debtReminderTests" */ = {
			isa = XCConfigurationList;
			buildConfigurations = (
				5438A9A31B5EBBE60027E39C /* Debug */,
				5438A9A41B5EBBE60027E39C /* Release */,
			);
			defaultConfigurationIsVisible = 0;
			defaultConfigurationName = Release;
		};
/* End XCConfigurationList section */

/* Begin XCVersionGroup section */
		5438A9841B5EBBE60027E39C /* debtReminder.xcdatamodeld */ = {
			isa = XCVersionGroup;
			children = (
				5438A9851B5EBBE60027E39C /* debtReminder.xcdatamodel */,
			);
			currentVersion = 5438A9851B5EBBE60027E39C /* debtReminder.xcdatamodel */;
			path = debtReminder.xcdatamodeld;
			sourceTree = "<group>";
			versionGroupType = wrapper.xcdatamodel;
		};
/* End XCVersionGroup section */
	};
	rootObject = 5438A9751B5EBBE50027E39C /* Project object */;
}
